
Microsoft Visual Studio Solution File, Format Version 12.00
# Visual Studio 15
VisualStudioVersion = 15.0.26730.10
MinimumVisualStudioVersion = 10.0.40219.1
Project("{8BC9CEB8-8B4A-11D0-8D11-00A0C91BC942}") = "lr1", "lr1\lr1.vcxproj", "{656D3BB9-63EB-428C-8C3C-8CC2DED478B8}"
EndProject
Global
	GlobalSection(SolutionConfigurationPlatforms) = preSolution
		Debug|x64 = Debug|x64
		Debug|x86 = Debug|x86
		Release|x64 = Release|x64
		Release|x86 = Release|x86
	EndGlobalSection
	GlobalSection(ProjectConfigurationPlatforms) = postSolution
		{656D3BB9-63EB-428C-8C3C-8CC2DED478B8}.Debug|x64.ActiveCfg = Debug|x64
		{656D3BB9-63EB-428C-8C3C-8CC2DED478B8}.Debug|x64.Build.0 = Debug|x64
		{656D3BB9-63EB-428C-8C3C-8CC2DED478B8}.Debug|x86.ActiveCfg = Debug|Win32
		{656D3BB9-63EB-428C-8C3C-8CC2DED478B8}.Debug|x86.Build.0 = Debug|Win32
		{656D3BB9-63EB-428C-8C3C-8CC2DED478B8}.Release|x64.ActiveCfg = Release|x64
		{656D3BB9-63EB-428C-8C3C-8CC2DED478B8}.Release|x64.Build.0 = Release|x64
		{656D3BB9-63EB-428C-8C3C-8CC2DED478B8}.Release|x86.ActiveCfg = Release|Win32
		{656D3BB9-63EB-428C-8C3C-8CC2DED478B8}.Release|x86.Build.0 = Release|Win32
	EndGlobalSection
	GlobalSection(SolutionProperties) = preSolution
		HideSolutionNode = FALSE
	EndGlobalSection
	GlobalSection(ExtensibilityGlobals) = postSolution
		SolutionGuid = {49C13F3F-B1D8-4057-922B-D4E83D523D20}
	EndGlobalSection
EndGlobal
